
Microsoft Visual Studio Solution File, Format Version 12.00
# Visual Studio Version 16
VisualStudioVersion = 16.0.29418.71
MinimumVisualStudioVersion = 10.0.40219.1
Project("{FAE04EC0-301F-11D3-BF4B-00C04F79EFBC}") = "MyJukebox", "MyJukebox\MyJukebox.csproj", "{06ED779C-1325-4992-BC80-5D0D477C064C}"
EndProject
Project("{FAE04EC0-301F-11D3-BF4B-00C04F79EFBC}") = "WmpFormsLib", "WmpFormsLib\WmpFormsLib.csproj", "{A439047D-167E-4ED7-B93C-19424DBC1EB2}"
EndProject
Global
	GlobalSection(SolutionConfigurationPlatforms) = preSolution
		Debug|Any CPU = Debug|Any CPU
		Release|Any CPU = Release|Any CPU
	EndGlobalSection
	GlobalSection(ProjectConfigurationPlatforms) = postSolution
		{06ED779C-1325-4992-BC80-5D0D477C064C}.Debug|Any CPU.ActiveCfg = Debug|Any CPU
		{06ED779C-1325-4992-BC80-5D0D477C064C}.Debug|Any CPU.Build.0 = Debug|Any CPU
		{06ED779C-1325-4992-BC80-5D0D477C064C}.Release|Any CPU.ActiveCfg = Release|Any CPU
		{06ED779C-1325-4992-BC80-5D0D477C064C}.Release|Any CPU.Build.0 = Release|Any CPU
		{A439047D-167E-4ED7-B93C-19424DBC1EB2}.Debug|Any CPU.ActiveCfg = Debug|Any CPU
		{A439047D-167E-4ED7-B93C-19424DBC1EB2}.Debug|Any CPU.Build.0 = Debug|Any CPU
		{A439047D-167E-4ED7-B93C-19424DBC1EB2}.Release|Any CPU.ActiveCfg = Release|Any CPU
		{A439047D-167E-4ED7-B93C-19424DBC1EB2}.Release|Any CPU.Build.0 = Release|Any CPU
	EndGlobalSection
	GlobalSection(SolutionProperties) = preSolution
		HideSolutionNode = FALSE
	EndGlobalSection
	GlobalSection(ExtensibilityGlobals) = postSolution
		SolutionGuid = {4547CAE0-49EC-48B4-AED4-CB66D5579687}
	EndGlobalSection
EndGlobal
